
Microsoft Visual Studio Solution File, Format Version 12.00
# Visual Studio Version 16
VisualStudioVersion = 16.0.29728.190
MinimumVisualStudioVersion = 10.0.40219.1
Project("{FAE04EC0-301F-11D3-BF4B-00C04F79EFBC}") = "ChronoClashDeckBuilder", "ChronoClashDeckBuilder\ChronoClashDeckBuilder.csproj", "{06E73E97-7F40-47E3-B1E1-3810584719E4}"
EndProject
Global
	GlobalSection(SolutionConfigurationPlatforms) = preSolution
		Debug|Any CPU = Debug|Any CPU
		Release|Any CPU = Release|Any CPU
	EndGlobalSection
	GlobalSection(ProjectConfigurationPlatforms) = postSolution
		{06E73E97-7F40-47E3-B1E1-3810584719E4}.Debug|Any CPU.ActiveCfg = Debug|Any CPU
		{06E73E97-7F40-47E3-B1E1-3810584719E4}.Debug|Any CPU.Build.0 = Debug|Any CPU
		{06E73E97-7F40-47E3-B1E1-3810584719E4}.Release|Any CPU.ActiveCfg = Release|Any CPU
		{06E73E97-7F40-47E3-B1E1-3810584719E4}.Release|Any CPU.Build.0 = Release|Any CPU
	EndGlobalSection
	GlobalSection(SolutionProperties) = preSolution
		HideSolutionNode = FALSE
	EndGlobalSection
	GlobalSection(ExtensibilityGlobals) = postSolution
		SolutionGuid = {90E66545-0395-488A-9548-6E68CC13396D}
	EndGlobalSection
EndGlobal
